
Microsoft Visual Studio Solution File, Format Version 12.00
# Visual Studio 2012
Project("{FAE04EC0-301F-11D3-BF4B-00C04F79EFBC}") = "Run Embedded Resource (Day 20)", "Run Embedded Resource (Day 20)\Run Embedded Resource (Day 20).csproj", "{1507A432-CB27-4B01-8A1F-4E5A38435810}"
EndProject
Global
	GlobalSection(SolutionConfigurationPlatforms) = preSolution
		Debug|Any CPU = Debug|Any CPU
		Release|Any CPU = Release|Any CPU
	EndGlobalSection
	GlobalSection(ProjectConfigurationPlatforms) = postSolution
		{1507A432-CB27-4B01-8A1F-4E5A38435810}.Debug|Any CPU.ActiveCfg = Debug|Any CPU
		{1507A432-CB27-4B01-8A1F-4E5A38435810}.Debug|Any CPU.Build.0 = Debug|Any CPU
		{1507A432-CB27-4B01-8A1F-4E5A38435810}.Release|Any CPU.ActiveCfg = Release|Any CPU
		{1507A432-CB27-4B01-8A1F-4E5A38435810}.Release|Any CPU.Build.0 = Release|Any CPU
	EndGlobalSection
	GlobalSection(SolutionProperties) = preSolution
		HideSolutionNode = FALSE
	EndGlobalSection
EndGlobal
