
Microsoft Visual Studio Solution File, Format Version 12.00
# Visual Studio 2012
Project("{FAE04EC0-301F-11D3-BF4B-00C04F79EFBC}") = "quickftp", "quickftp\quickftp.csproj", "{9660D069-ECF7-44BA-9BB5-9EBE626C1728}"
EndProject
Global
	GlobalSection(SolutionConfigurationPlatforms) = preSolution
		Debug|Any CPU = Debug|Any CPU
		Release|Any CPU = Release|Any CPU
	EndGlobalSection
	GlobalSection(ProjectConfigurationPlatforms) = postSolution
		{9660D069-ECF7-44BA-9BB5-9EBE626C1728}.Debug|Any CPU.ActiveCfg = Debug|Any CPU
		{9660D069-ECF7-44BA-9BB5-9EBE626C1728}.Debug|Any CPU.Build.0 = Debug|Any CPU
		{9660D069-ECF7-44BA-9BB5-9EBE626C1728}.Release|Any CPU.ActiveCfg = Release|Any CPU
		{9660D069-ECF7-44BA-9BB5-9EBE626C1728}.Release|Any CPU.Build.0 = Release|Any CPU
	EndGlobalSection
	GlobalSection(SolutionProperties) = preSolution
		HideSolutionNode = FALSE
	EndGlobalSection
EndGlobal
